
Microsoft Visual Studio Solution File, Format Version 12.00
# Visual Studio Version 16
VisualStudioVersion = 16.0.31624.102
MinimumVisualStudioVersion = 10.0.40219.1
Project("{FAE04EC0-301F-11D3-BF4B-00C04F79EFBC}") = "CloudAnchorLib", "CloudAnchorLib.csproj", "{143A56FF-DB51-45EF-ACA1-385EA2E3F094}"
EndProject
Global
	GlobalSection(SolutionConfigurationPlatforms) = preSolution
		Debug|Any CPU = Debug|Any CPU
		Release|Any CPU = Release|Any CPU
	EndGlobalSection
	GlobalSection(ProjectConfigurationPlatforms) = postSolution
		{143A56FF-DB51-45EF-ACA1-385EA2E3F094}.Debug|Any CPU.ActiveCfg = Debug|Any CPU
		{143A56FF-DB51-45EF-ACA1-385EA2E3F094}.Debug|Any CPU.Build.0 = Debug|Any CPU
		{143A56FF-DB51-45EF-ACA1-385EA2E3F094}.Release|Any CPU.ActiveCfg = Release|Any CPU
		{143A56FF-DB51-45EF-ACA1-385EA2E3F094}.Release|Any CPU.Build.0 = Release|Any CPU
	EndGlobalSection
	GlobalSection(SolutionProperties) = preSolution
		HideSolutionNode = FALSE
	EndGlobalSection
	GlobalSection(ExtensibilityGlobals) = postSolution
		SolutionGuid = {BD59BD87-B3CF-4F2C-AF48-45E056FABA6E}
	EndGlobalSection
EndGlobal
